# This file is autogenerated, do not edit; changes may be undone by the next 'dep ensure'.


[[projects]]
  name = "cloud.google.com/go"
  packages = ["compute/metadata"]
  revision = "5ae2503431f9a389c495847186d217217d11f2bf"

[[projects]]
  name = "github.com/BurntSushi/toml"
  packages = ["."]
  revision = "b26d9c308763d68093482582cea63d69be07a0f0"
  version = "v0.3.0"

[[projects]]
  name = "github.com/Masterminds/semver"
  packages = ["."]
  revision = "59c29afe1a994eacb71c833025ca7acf874bb1da"
  version = "v1.2.2"

[[projects]]
  name = "github.com/Masterminds/sprig"
  packages = ["."]
  revision = "9526be0327b26ad31aa70296a7b10704883976d5"
  version = "2.12.0"

[[projects]]
  name = "github.com/aokoli/goutils"
  packages = ["."]
  revision = "3391d3790d23d03408670993e957e8f408993c34"
  version = "v1.0.1"

[[projects]]
  name = "github.com/aws/aws-sdk-go"
  packages = ["aws","aws/awserr","aws/awsutil","aws/client","aws/client/metadata","aws/corehandlers","aws/credentials","aws/credentials/ec2rolecreds","aws/credentials/endpointcreds","aws/credentials/stscreds","aws/defaults","aws/ec2metadata","aws/endpoints","aws/request","aws/session","aws/signer/v4","internal/shareddefaults","private/protocol","private/protocol/json/jsonutil","private/protocol/jsonrpc","private/protocol/query","private/protocol/query/queryutil","private/protocol/rest","private/protocol/xml/xmlutil","service/ecr","service/kms","service/kms/kmsiface","service/sts"]
  revision = "b69f447375c7fa0047ebcdd8ae5d585d5aac2f71"
  version = "v1.10.51"

[[projects]]
  branch = "master"
  name = "github.com/fatih/color"
  packages = ["."]
  revision = "5df930a27be2502f99b292b7cc09ebad4d0891f4"

[[projects]]
  branch = "master"
  name = "github.com/go-bongo/go-dotaccess"
  packages = ["."]
  revision = "ae070a2d2a38fd7233e255ded21fb26fe36b4796"

[[projects]]
  name = "github.com/go-ini/ini"
  packages = ["."]
  revision = "f384f410798cbe7cdce40eec40b79ed32bb4f1ad"

[[projects]]
  name = "github.com/golang/protobuf"
  packages = ["proto","ptypes","ptypes/any","ptypes/duration","ptypes/timestamp"]
  revision = "1643683e1b54a9e88ad26d98f81400c8c9d9f4f9"

[[projects]]
  name = "github.com/google/go-github"
  packages = ["github"]
  revision = "a021c14a5f1960591b0e1773a4a2ef8257ec93b8"

[[projects]]
  branch = "master"
  name = "github.com/google/go-querystring"
  packages = ["query"]
  revision = "53e6ce116135b80d037921a7fdd5138cf32d7a8a"

[[projects]]
  branch = "master"
  name = "github.com/goware/prefixer"
  packages = ["."]
  revision = "395022866408d928fc2439f7eac73dd8d370ec1d"

[[projects]]
  branch = "master"
  name = "github.com/howeyc/gopass"
  packages = ["."]
  revision = "bf9dde6d0d2c004a008c27aaee91170c786f6db8"

[[projects]]
  branch = "master"
  name = "github.com/huandu/xstrings"
  packages = ["."]
  revision = "d6590c0c31d16526217fa60fbd2067f7afcd78c5"

[[projects]]
  name = "github.com/imdario/mergo"
  packages = ["."]
  revision = "7fe0c75c13abdee74b09fcacef5ea1c6bba6a874"
  version = "0.2.4"

[[projects]]
  name = "github.com/inconshreveable/mousetrap"
  packages = ["."]
  revision = "76626ae9c91c4f2a10f34cad8ce83ea42c93bb75"
  version = "v1.0"

[[projects]]
  name = "github.com/jmespath/go-jmespath"
  packages = ["."]
  revision = "bd40a432e4c76585ef6b72d3fd96fb9b6dc7b68d"

[[projects]]
  name = "github.com/mattn/go-colorable"
  packages = ["."]
  revision = "5411d3eea5978e6cdc258b30de592b60df6aba96"

[[projects]]
  name = "github.com/mattn/go-isatty"
  packages = ["."]
  revision = "57fdcb988a5c543893cc61bce354a6e24ab70022"

[[projects]]
  branch = "master"
  name = "github.com/mitchellh/go-wordwrap"
  packages = ["."]
  revision = "ad45545899c7b13c020ea92b2072220eefad42b8"

[[projects]]
  branch = "v2"
  name = "github.com/mozilla-services/yaml"
  packages = ["."]
  revision = "d8ecb20829d1db648c36e8c558b1c06b2eb74e36"

[[projects]]
  branch = "master"
  name = "github.com/oleiade/reflections"
  packages = ["."]
  revision = "0e86b3c98b2ff33e30c85cfe97d9a63d439fe7eb"

[[projects]]
  name = "github.com/satori/go.uuid"
  packages = ["."]
  revision = "879c5887cd475cd7864858769793b2ceb0d44feb"
  version = "v1.1.0"

[[projects]]
  name = "github.com/sirupsen/logrus"
  packages = ["."]
  revision = "89742aefa4b206dcf400792f3bd35b542998eb3b"

[[projects]]
  name = "github.com/spf13/cobra"
  packages = ["."]
  revision = "7b2c5ac9fc04fc5efafb60700713d4fa609b777b"
  version = "v0.0.1"

[[projects]]
  name = "github.com/spf13/pflag"
  packages = ["."]
  revision = "97afa5e7ca8a08a383cb259e06636b5e2cc7897f"

[[projects]]
  name = "github.com/ugorji/go"
  packages = ["codec"]
  revision = "cbd720c66c3f3af447a5b5d78a9b3e0446243e69"

[[projects]]
  branch = "master"
  name = "go.mozilla.org/gopgagent"
  packages = ["."]
  revision = "4d7ea76ff71aec34ae0b4e39ecee5c43f6815189"

[[projects]]
  name = "go.mozilla.org/sops"
  packages = [".","aes","decrypt","gcpkms","keys","keyservice","kms","logging","pgp","shamir","stores","stores/json","stores/yaml"]
  revision = "cb2340c150636304b7192d32e02f984f299bcaa3"
  version = "3.0.0"

[[projects]]
  name = "golang.org/x/crypto"
  packages = ["cast5","openpgp","openpgp/armor","openpgp/elgamal","openpgp/errors","openpgp/packet","openpgp/s2k","pbkdf2","scrypt","ssh/terminal"]
  revision = "2509b142fb2b797aa7587dad548f113b2c0f20ce"

[[projects]]
  name = "golang.org/x/net"
  packages = ["context","context/ctxhttp","http2","http2/hpack","idna","internal/timeseries","lex/httplex","trace"]
  revision = "4b14673ba32bee7f5ac0f990a48f033919fd418b"

[[projects]]
  name = "golang.org/x/oauth2"
  packages = [".","google","internal","jws","jwt"]
  revision = "bb50c06baba3d0c76f9d125c0719093e315b5b44"

[[projects]]
  name = "golang.org/x/sys"
  packages = ["unix","windows"]
  revision = "e24f485414aeafb646f6fca458b0bf869c0880a1"

[[projects]]
  name = "golang.org/x/text"
  packages = ["internal/gen","internal/triegen","internal/ucd","secure/bidirule","transform","unicode/bidi","unicode/cldr","unicode/norm","unicode/rangetable"]
  revision = "b19bf474d317b857955b12035d2c5acb57ce8b01"

[[projects]]
  name = "google.golang.org/api"
  packages = ["cloudkms/v1","gensupport","googleapi","googleapi/internal/uritemplates"]
  revision = "a0c31fb0028e0111b942a29b9fc2e9235202c48b"

[[projects]]
  name = "google.golang.org/appengine"
  packages = [".","internal","internal/app_identity","internal/base","internal/datastore","internal/log","internal/modules","internal/remote_api","internal/urlfetch","urlfetch"]
  revision = "a2e0dc829727a4f957a7428b1f322805cfc1f362"

[[projects]]
  name = "google.golang.org/genproto"
  packages = ["googleapis/rpc/status"]
  revision = "11c7f9e547da6db876260ce49ea7536985904c9b"

[[projects]]
  name = "google.golang.org/grpc"
  packages = [".","balancer","balancer/roundrobin","codes","connectivity","credentials","encoding","grpclb/grpc_lb_v1/messages","grpclog","internal","keepalive","metadata","naming","peer","resolver","resolver/dns","resolver/passthrough","stats","status","tap","transport"]
  revision = "de2209a968d48e8970546c8a710189f7461370f7"

[[projects]]
  name = "gopkg.in/yaml.v2"
  packages = ["."]
  revision = "eb3733d160e74a9c7e442f435eb3bea458e1d19f"

[solve-meta]
  analyzer-name = "dep"
  analyzer-version = 1
  inputs-digest = "7509e3d3f301534797fc18903d4a7898e8c429e4c0bfaf0af6d91eadfccefe4d"
  solver-name = "gps-cdcl"
  solver-version = 1
